
Microsoft Visual Studio Solution File, Format Version 12.00
# Visual Studio Version 17
VisualStudioVersion = 17.9.34616.47
MinimumVisualStudioVersion = 10.0.40219.1
Project("{FAE04EC0-301F-11D3-BF4B-00C04F79EFBC}") = "QUIZ1", "QUIZ1.csproj", "{333EDABB-21DB-4B03-8B2E-E37FD510FB2E}"
EndProject
Global
	GlobalSection(SolutionConfigurationPlatforms) = preSolution
		Debug|Any CPU = Debug|Any CPU
		Release|Any CPU = Release|Any CPU
	EndGlobalSection
	GlobalSection(ProjectConfigurationPlatforms) = postSolution
		{333EDABB-21DB-4B03-8B2E-E37FD510FB2E}.Debug|Any CPU.ActiveCfg = Debug|Any CPU
		{333EDABB-21DB-4B03-8B2E-E37FD510FB2E}.Debug|Any CPU.Build.0 = Debug|Any CPU
		{333EDABB-21DB-4B03-8B2E-E37FD510FB2E}.Release|Any CPU.ActiveCfg = Release|Any CPU
		{333EDABB-21DB-4B03-8B2E-E37FD510FB2E}.Release|Any CPU.Build.0 = Release|Any CPU
	EndGlobalSection
	GlobalSection(SolutionProperties) = preSolution
		HideSolutionNode = FALSE
	EndGlobalSection
	GlobalSection(ExtensibilityGlobals) = postSolution
		SolutionGuid = {61563C99-1E39-4F92-88F4-C912B31F3888}
	EndGlobalSection
EndGlobal
